
Microsoft Visual Studio Solution File, Format Version 12.00
# Visual Studio Version 17
VisualStudioVersion = 17.5.33424.131
MinimumVisualStudioVersion = 10.0.40219.1
Project("{FAE04EC0-301F-11D3-BF4B-00C04F79EFBC}") = "Try1", "Try1\Try1.csproj", "{D3E1397E-334D-4CDE-86C1-31FFB5072DF8}"
EndProject
Global
	GlobalSection(SolutionConfigurationPlatforms) = preSolution
		Debug|Any CPU = Debug|Any CPU
		Release|Any CPU = Release|Any CPU
	EndGlobalSection
	GlobalSection(ProjectConfigurationPlatforms) = postSolution
		{D3E1397E-334D-4CDE-86C1-31FFB5072DF8}.Debug|Any CPU.ActiveCfg = Debug|Any CPU
		{D3E1397E-334D-4CDE-86C1-31FFB5072DF8}.Debug|Any CPU.Build.0 = Debug|Any CPU
		{D3E1397E-334D-4CDE-86C1-31FFB5072DF8}.Release|Any CPU.ActiveCfg = Release|Any CPU
		{D3E1397E-334D-4CDE-86C1-31FFB5072DF8}.Release|Any CPU.Build.0 = Release|Any CPU
	EndGlobalSection
	GlobalSection(SolutionProperties) = preSolution
		HideSolutionNode = FALSE
	EndGlobalSection
	GlobalSection(ExtensibilityGlobals) = postSolution
		SolutionGuid = {D21173DD-80A2-4F3D-93EE-301C01F108DC}
	EndGlobalSection
EndGlobal
